
Microsoft Visual Studio Solution File, Format Version 12.00
# Visual Studio Version 16
VisualStudioVersion = 16.0.28803.452
MinimumVisualStudioVersion = 10.0.40219.1
Project("{FAE04EC0-301F-11D3-BF4B-00C04F79EFBC}") = "USPresidentsWebAPI", "USPresidentsWebAPI\USPresidentsWebAPI.csproj", "{85B4D16B-8147-45B0-92B7-FDB8A0ECBC7D}"
EndProject
Global
	GlobalSection(SolutionConfigurationPlatforms) = preSolution
		Debug|Any CPU = Debug|Any CPU
		Release|Any CPU = Release|Any CPU
	EndGlobalSection
	GlobalSection(ProjectConfigurationPlatforms) = postSolution
		{85B4D16B-8147-45B0-92B7-FDB8A0ECBC7D}.Debug|Any CPU.ActiveCfg = Debug|Any CPU
		{85B4D16B-8147-45B0-92B7-FDB8A0ECBC7D}.Debug|Any CPU.Build.0 = Debug|Any CPU
		{85B4D16B-8147-45B0-92B7-FDB8A0ECBC7D}.Release|Any CPU.ActiveCfg = Release|Any CPU
		{85B4D16B-8147-45B0-92B7-FDB8A0ECBC7D}.Release|Any CPU.Build.0 = Release|Any CPU
	EndGlobalSection
	GlobalSection(SolutionProperties) = preSolution
		HideSolutionNode = FALSE
	EndGlobalSection
	GlobalSection(ExtensibilityGlobals) = postSolution
		SolutionGuid = {E45473B2-1900-4495-9E83-37664CE39EAB}
	EndGlobalSection
EndGlobal
